[renv]
Version=0.4.0-36

[R]
Version=3.6.0
Repositories=
	CRAN=https://cran.rstudio.com/

[R/Package/BH]
Package=BH
Version=1.69.0-1
Source=CRAN
Hash=cfad72c4156ccde689e24ed26010a931

[R/Package/DBI]
Package=DBI
Version=1.0.0
Source=CRAN
Hash=47c6631d0f98c2582ad761e4993ba9b5

[R/Package/JuliaCall]
Package=JuliaCall
Version=0.16.6
Source=CRAN
Hash=a129d7ab44acab4bfa4076b1b1bc9377

[R/Package/MASS]
Package=MASS
Version=7.3-51.4
Source=CRAN
Hash=3f74d247b4ab8e3f0fd6c8655ba4ee09

[R/Package/R.cache]
Package=R.cache
Version=0.13.0
Source=CRAN
Hash=4d34eded06ed94550cf04fede4fe937f

[R/Package/R.rsp]
Package=R.rsp
Version=0.43.1
Source=CRAN
Hash=f37013805c3f849593123e7ab01938d4

[R/Package/R6]
Package=R6
Version=2.4.0
Source=CRAN
Hash=4f39f15779e55cb06d47e0904b14522c

[R/Package/RSQLite]
Package=RSQLite
Version=2.1.1
Source=CRAN
Hash=fdcdc4789e6e7910789593c6254726f0

[R/Package/RUnit]
Package=RUnit
Version=0.4.32
Source=CRAN
Hash=8f8f30a93785c614f8352733da4e3302

[R/Package/Rcpp]
Package=Rcpp
Version=1.0.1
Source=CRAN
Hash=9c7023d9c0a2fb1fad5fc2e16283925e

[R/Package/askpass]
Package=askpass
Version=1.1
Source=CRAN
Hash=22d589bdbeb821c20dcff25ff641f6fb

[R/Package/assertthat]
Package=assertthat
Version=0.2.1
Source=CRAN
Hash=47c5d99ca6da06d75f480d96b9f96422

[R/Package/aws.s3]
Package=aws.s3
Version=0.3.12
Source=CRAN
Hash=d3aa1fba19f9a7827a350e0469aef12f

[R/Package/aws.signature]
Package=aws.signature
Version=0.5.0
Source=CRAN
Hash=8d78dcbca69b760934f74c1963cc7660

[R/Package/backports]
Package=backports
Version=1.1.4
Source=CRAN
Hash=f8cd17cda96337d3ca8d876d78df1db4

[R/Package/bit]
Package=bit
Version=1.1-14
Source=CRAN
Hash=9f96f2a0bf0d793ea9c5e98a7d8ffe89

[R/Package/bit64]
Package=bit64
Version=0.9-7
Source=CRAN
Hash=4d4a16bccea8cf7b68fc16c0de11ff8e

[R/Package/blob]
Package=blob
Version=1.1.1
Source=CRAN
Hash=0865b9256a10f8b9c642030cb097490c

[R/Package/brew]
Package=brew
Version=1.0-6
Source=CRAN
Hash=ca6dd872a81a7063dd6a77acf7a12d9b

[R/Package/callr]
Package=callr
Version=3.2.0
Source=CRAN
Hash=3d4dd4644fa525c6edad2942baaa779b

[R/Package/checkmate]
Package=checkmate
Version=1.9.3
Source=CRAN
Hash=c1f1082cb15e12f6d1e632504e244f16

[R/Package/cli]
Package=cli
Version=1.1.0
Source=CRAN
Hash=82644afba0ff56a08730bc4fc1e6448f

[R/Package/clipr]
Package=clipr
Version=0.6.0
Source=CRAN
Hash=2d0cd4cc3da87e62fa17163096a19b4f

[R/Package/clisymbols]
Package=clisymbols
Version=1.2.0
Source=CRAN
Hash=cac06d1dbd7d362670fbc95c1cbe5afe

[R/Package/commonmark]
Package=commonmark
Version=1.7
Source=CRAN
Hash=6aba1333d065559b07a73414115a8218

[R/Package/covr]
Package=covr
Version=3.2.1
Source=CRAN
Hash=7e261c02a5e194ff8521fb13418295a4

[R/Package/crayon]
Package=crayon
Version=1.3.4
Source=CRAN
Hash=900c1d2c8e4c61b6a1814331ec34e19a

[R/Package/curl]
Package=curl
Version=3.3
Source=CRAN
Hash=7adc74912a44c348c6a1eda716a5d02d

[R/Package/debugme]
Package=debugme
Version=1.1.0
Source=CRAN
Hash=c12895ac2d00839fa2e43682e492c440

[R/Package/desc]
Package=desc
Version=1.2.0
Source=CRAN
Hash=6a3b8ecf683b3ba841991635c7dc39cb

[R/Package/diffobj]
Package=diffobj
Version=0.2.3
Source=CRAN
Hash=2340f9888d671c9a921aeb7686beab47

[R/Package/digest]
Package=digest
Version=0.6.19
Source=CRAN
Hash=becb277fbec47bb47863575682db79ea

[R/Package/disposables]
Package=disposables
Version=1.0.3
Source=CRAN
Hash=67f280d939f8cde9a2d94d00fdde91c5

[R/Package/evaluate]
Package=evaluate
Version=0.14
Source=CRAN
Hash=334a5c1c76a6dd07e7f14c521bedbf94

[R/Package/fansi]
Package=fansi
Version=0.4.0
Source=CRAN
Hash=a7730510208607abde04cfe3808e78e0

[R/Package/filehash]
Package=filehash
Version=2.4-2
Source=CRAN
Hash=e0b76d2088d0062cd8343daef8af446d

[R/Package/formatR]
Package=formatR
Version=1.7
Source=CRAN
Hash=ff71cc3f6835f20b63ab410cba48e002

[R/Package/fs]
Package=fs
Version=1.3.1
Source=CRAN
Hash=8373de9bc63e2090ae6f1a0dcbc85cd0

[R/Package/getPass]
Package=getPass
Version=0.2-2
Source=CRAN
Hash=0bd32a2351c6afd8686f38dbc1e93e37

[R/Package/gh]
Package=gh
Version=1.0.1
Source=CRAN
Hash=31f3051488a4a3fca6098f2369f526b9

[R/Package/ghactions]
Package=ghactions
Version=0.3.1.9000
Source=GitHub
RemoteType=github
RemoteHost=api.github.com
RemoteRepo=ghactions
RemoteUsername=r-lib
RemoteRef=master
RemoteSha=b8f2f0446126fce714ae37b981fe25b6f9c954b4
Hash=9364e2f24f1982c402e7171b7bc5e5d6

[R/Package/gifski]
Package=gifski
Version=0.8.6
Source=CRAN
Hash=ea669a173a19ecdb8a865e85c2222470

[R/Package/git2r]
Package=git2r
Version=0.25.2
Source=CRAN
Hash=c51d0a5757d1747919996004b36f4e1e

[R/Package/glue]
Package=glue
Version=1.3.1
Source=CRAN
Hash=50f8d48c8ebbfc4b68e55bd8bb5516ca

[R/Package/highlight]
Package=highlight
Version=0.4.7.2
Source=CRAN
Hash=30325ef9cc4d79408e306386c92491ea

[R/Package/hms]
Package=hms
Version=0.4.2
Source=CRAN
Hash=cdb9724bd6f49ad19a40b04d2bf8118e

[R/Package/httr]
Package=httr
Version=1.4.0
Source=CRAN
Hash=ac878be52f9a4a40236b4a6102c473e6

[R/Package/hunspell]
Package=hunspell
Version=3.0
Source=CRAN
Hash=abda3b1d2408498001fcc17541deab25

[R/Package/ini]
Package=ini
Version=0.3.1
Source=CRAN
Hash=f042164d195b26c2f09cba4b30b35389

[R/Package/jpeg]
Package=jpeg
Version=0.1-8
Source=CRAN
Hash=e5c881b175ce1e637ef52e51d02234dc

[R/Package/jsonlite]
Package=jsonlite
Version=1.6
Source=CRAN
Hash=1527c6ad6c00ff3f0d0a02b01650fd87

[R/Package/knitr]
Package=knitr
Version=1.23
Source=CRAN
Hash=190f61948f3e975dbc8f89a93c86214f

[R/Package/lazyeval]
Package=lazyeval
Version=0.2.2
Source=CRAN
Hash=c11c47f14490dbed7013c37a1a217cc1

[R/Package/magrittr]
Package=magrittr
Version=1.5
Source=CRAN
Hash=c079d05aaae9556f4dbeea615a764871

[R/Package/manipulateWidget]
Package=manipulateWidget
Version=0.10.0
Source=CRAN
Hash=243db85a524b5558655d80945bc90bdd

[R/Package/memoise]
Package=memoise
Version=1.1.0
Source=CRAN
Hash=833e2af3770d73b99866aca40b4c4a09

[R/Package/microbenchmark]
Package=microbenchmark
Version=1.4-6
Source=CRAN
Hash=a8dabe337d06ae0e591840543360f47b

[R/Package/mime]
Package=mime
Version=0.7
Source=CRAN
Hash=e1d17e6e0d960a206a93670a75d1ef4d

[R/Package/mockery]
Package=mockery
Version=0.4.1.1
Source=CRAN
Hash=bbf0ae135cf1a737929f5fc9273e8d52

[R/Package/mockr]
Package=mockr
Version=0.1
Source=CRAN
Hash=3e2c9caaadfb451357c1ff5e30131933

[R/Package/openssl]
Package=openssl
Version=1.4
Source=CRAN
Hash=48cb784b7a1575c20103565139f20b17

[R/Package/pdftools]
Package=pdftools
Version=2.2
Source=CRAN
Hash=4f0a86baf3f56ca57715a895700d88cc

[R/Package/pillar]
Package=pillar
Version=1.4.1
Source=CRAN
Hash=d2780725607ec9548a35aaf33291216e

[R/Package/pingr]
Package=pingr
Version=1.1.2
Source=CRAN
Hash=08d565a51a417f80ea88dc317827e24e

[R/Package/pinp]
Package=pinp
Version=0.0.7
Source=CRAN
Hash=e4eb8b61789ae3fd1da3fe23db4f7e7c

[R/Package/pkgKitten]
Package=pkgKitten
Version=0.1.4
Source=CRAN
Hash=f319ae80bdc11fed3d63f1f5e7062b62

[R/Package/pkgconfig]
Package=pkgconfig
Version=2.0.2
Source=CRAN
Hash=210f98df43a980ceead88427b5a3f629

[R/Package/pkgdown]
Package=pkgdown
Version=1.3.0
Source=CRAN
Hash=229c69d60775ba37d6568832bf967444

[R/Package/pkgload]
Package=pkgload
Version=1.0.2
Source=CRAN
Hash=36ce9355bb0b10e1dc13319e4c9ccbb2

[R/Package/plogr]
Package=plogr
Version=0.2.0
Source=CRAN
Hash=c61d37182e7f06c0d587aa203487b400

[R/Package/plumber]
Package=plumber
Version=0.4.6
Source=CRAN
Hash=a26865ac1d763f6270818a7d84e2d80c

[R/Package/prettyunits]
Package=prettyunits
Version=1.0.2
Source=CRAN
Hash=0acfa2bf224e49369bde27b7523aa660

[R/Package/processx]
Package=processx
Version=3.3.1
Source=CRAN
Hash=d38d08c5fb492874ca45deb7e8875914

[R/Package/pryr]
Package=pryr
Version=0.1.4
Source=CRAN
Hash=b7a7a8edcf60720f8cccd386ed1f1cc2

[R/Package/purrr]
Package=purrr
Version=0.3.2
Source=CRAN
Hash=ac87472161cfd12559f2c9fcd66813d0

[R/Package/qpdf]
Package=qpdf
Version=1.1
Source=CRAN
Hash=928c8a057372cf2d2ef91a9f73f8d827

[R/Package/rbenchmark]
Package=rbenchmark
Version=1.0.0
Source=CRAN
Hash=1597d64e0b5993afa2dbd973b61beee3

[R/Package/readr]
Package=readr
Version=1.3.1
Source=CRAN
Hash=4226ca436745de59b208aca06fbd8b2a

[R/Package/rematch2]
Package=rematch2
Version=2.0.1
Source=CRAN
Hash=2bc6c675c1b721972538d38f614c559a

[R/Package/rex]
Package=rex
Version=1.1.2
Source=CRAN
Hash=803347a764cfa9e3fcade088c0ff8374

[R/Package/rgl]
Package=rgl
Version=0.100.19
Source=CRAN
Hash=5029f449433064e4a6e23830ed7b8d27

[R/Package/rlang]
Package=rlang
Version=0.3.4
Source=CRAN
Hash=cbb4e132f8198b1f9b20a0bfc5fa07ab

[R/Package/rmarkdown]
Package=rmarkdown
Version=1.13
Source=CRAN
Hash=7721b7c5664b10ead98225b08b7bc0a8

[R/Package/roxygen2]
Package=roxygen2
Version=6.1.1
Source=CRAN
Hash=6884742f697d191a02fb58eaaabe6fab

[R/Package/rprintf]
Package=rprintf
Version=0.2.1
Source=CRAN
Hash=f1822b0d45cae0dd753bc05241e63242

[R/Package/rprojroot]
Package=rprojroot
Version=1.3-2
Source=CRAN
Hash=c7ae364c2def3efe51c32516d6077097

[R/Package/rsconnect]
Package=rsconnect
Version=0.8.13
Source=CRAN
Hash=232ff89e8149acb5719d8580b4f752d8

[R/Package/rstudioapi]
Package=rstudioapi
Version=0.10
Source=CRAN
Hash=0a9a57ac8bc27cafe9a3904deb2e267b

[R/Package/showtext]
Package=showtext
Version=0.7
Source=CRAN
Hash=32a047aff40f8d6c35feb229cc9c9f69

[R/Package/showtextdb]
Package=showtextdb
Version=2.0
Source=CRAN
Hash=2a848ccd73d3c3a1a8b33e9c9b249239

[R/Package/spelling]
Package=spelling
Version=2.1
Source=CRAN
Hash=912c92c44c003bc70bc471827306498b

[R/Package/stringi]
Package=stringi
Version=1.4.3
Source=CRAN
Hash=196830ccb8e4ff492b37062d19c3c9b1

[R/Package/stringr]
Package=stringr
Version=1.4.0
Source=CRAN
Hash=568b942ad8065463d9beb45c212e4089

[R/Package/styler]
Package=styler
Version=1.1.1
Source=CRAN
Hash=29c3249b81e5210638ef8315fe468d5b

[R/Package/sysfonts]
Package=sysfonts
Version=0.8
Source=CRAN
Hash=d0f9ad38b9bda1dad6c6ec04aaae52dc

[R/Package/testit]
Package=testit
Version=0.9
Source=CRAN
Hash=283393f6423817812a2af24304f38073

[R/Package/tibble]
Package=tibble
Version=2.1.3
Source=CRAN
Hash=503e7aee98597f5503a772673286a95f

[R/Package/tikzDevice]
Package=tikzDevice
Version=0.12
Source=CRAN
Hash=654571c300e0fc4ee5b56250afca4bcd

[R/Package/tufte]
Package=tufte
Version=0.5
Source=CRAN
Hash=e644cf511c3dc9eda6061887abda7bb8

[R/Package/unitizer]
Package=unitizer
Version=1.4.8
Source=CRAN
Hash=daa542601dafb6807daead2f085a7682

[R/Package/usethis]
Package=usethis
Version=1.5.0
Source=CRAN
Hash=32dba5832e30e7931fb4940d5dc8657a

[R/Package/utf8]
Package=utf8
Version=1.1.4
Source=CRAN
Hash=dbacd54ef408a11a83b9c0558d897970

[R/Package/vctrs]
Package=vctrs
Version=0.1.0
Source=CRAN
Hash=1aa2bd018857d82fdda1b6b6e21c9a5d

[R/Package/webutils]
Package=webutils
Version=0.6
Source=CRAN
Hash=e2542be5be613cc302c8427ae07d05d2

[R/Package/whisker]
Package=whisker
Version=0.3-2
Source=CRAN
Hash=4dbd79a7e9b8e2593c1402d68c9ee682

[R/Package/whoami]
Package=whoami
Version=1.3.0
Source=CRAN
Hash=73d35876bf38b75cd98731b68837f0c6

[R/Package/wordcloud2]
Package=wordcloud2
Version=0.2.1
Source=CRAN
Hash=3c672480e3ae45b5b38e44b5040c326b

[R/Package/zeallot]
Package=zeallot
Version=0.1.0
Source=CRAN
Hash=c73fb5ce649cdea435146265a0886df8

